// !$*UTF8*$!
{
	archiveVersion = 1;
	classes = {
	};
	objectVersion = 55;
	objects = {

/* Begin PBXBuildFile section */
		9653EE5327D4D48A00D123CC /* ProfileViewController.swift in Sources */ = {isa = PBXBuildFile; fileRef = 9653EE5227D4D48A00D123CC /* ProfileViewController.swift */; };
		9653EE5627D4DB8800D123CC /* ProfileDataView.swift in Sources */ = {isa = PBXBuildFile; fileRef = 9653EE5527D4DB8800D123CC /* ProfileDataView.swift */; };
		96BFC15827D5B39A00C59F8E /* ProfileCollectionViewCell.swift in Sources */ = {isa = PBXBuildFile; fileRef = 96BFC15727D5B39A00C59F8E /* ProfileCollectionViewCell.swift */; };
		96BFC15B27D5B7E800C59F8E /* Kingfisher in Frameworks */ = {isa = PBXBuildFile; productRef = 96BFC15A27D5B7E800C59F8E /* Kingfisher */; };
		96BFC15D27D5CE7E00C59F8E /* UploadViewController.swift in Sources */ = {isa = PBXBuildFile; fileRef = 96BFC15C27D5CE7E00C59F8E /* UploadViewController.swift */; };
		96EBB40827D49734008F3AE4 /* AppDelegate.swift in Sources */ = {isa = PBXBuildFile; fileRef = 96EBB40727D49734008F3AE4 /* AppDelegate.swift */; };
		96EBB40A27D49734008F3AE4 /* SceneDelegate.swift in Sources */ = {isa = PBXBuildFile; fileRef = 96EBB40927D49734008F3AE4 /* SceneDelegate.swift */; };
		96EBB41127D49734008F3AE4 /* Assets.xcassets in Resources */ = {isa = PBXBuildFile; fileRef = 96EBB41027D49734008F3AE4 /* Assets.xcassets */; };
		96EBB41427D49734008F3AE4 /* LaunchScreen.storyboard in Resources */ = {isa = PBXBuildFile; fileRef = 96EBB41227D49734008F3AE4 /* LaunchScreen.storyboard */; };
		96EBB41D27D49757008F3AE4 /* SnapKit in Frameworks */ = {isa = PBXBuildFile; productRef = 96EBB41C27D49757008F3AE4 /* SnapKit */; };
		96EBB41F27D497C0008F3AE4 /* TabBarController.swift in Sources */ = {isa = PBXBuildFile; fileRef = 96EBB41E27D497C0008F3AE4 /* TabBarController.swift */; };
		96EBB42227D49A10008F3AE4 /* FeedViewController.swift in Sources */ = {isa = PBXBuildFile; fileRef = 96EBB42127D49A10008F3AE4 /* FeedViewController.swift */; };
		96EBB42427D49CA9008F3AE4 /* FeedTableViewCell.swift in Sources */ = {isa = PBXBuildFile; fileRef = 96EBB42327D49CA9008F3AE4 /* FeedTableViewCell.swift */; };
		96EBB42627D4A16D008F3AE4 /* UIButton+.swift in Sources */ = {isa = PBXBuildFile; fileRef = 96EBB42527D4A16D008F3AE4 /* UIButton+.swift */; };
/* End PBXBuildFile section */

/* Begin PBXFileReference section */
		9653EE5227D4D48A00D123CC /* ProfileViewController.swift */ = {isa = PBXFileReference; lastKnownFileType = sourcecode.swift; path = ProfileViewController.swift; sourceTree = "<group>"; };
		9653EE5527D4DB8800D123CC /* ProfileDataView.swift */ = {isa = PBXFileReference; lastKnownFileType = sourcecode.swift; path = ProfileDataView.swift; sourceTree = "<group>"; };
		96BFC15727D5B39A00C59F8E /* ProfileCollectionViewCell.swift */ = {isa = PBXFileReference; lastKnownFileType = sourcecode.swift; path = ProfileCollectionViewCell.swift; sourceTree = "<group>"; };
		96BFC15C27D5CE7E00C59F8E /* UploadViewController.swift */ = {isa = PBXFileReference; lastKnownFileType = sourcecode.swift; path = UploadViewController.swift; sourceTree = "<group>"; };
		96EBB40427D49734008F3AE4 /* OutstagramApp.app */ = {isa = PBXFileReference; explicitFileType = wrapper.application; includeInIndex = 0; path = OutstagramApp.app; sourceTree = BUILT_PRODUCTS_DIR; };
		96EBB40727D49734008F3AE4 /* AppDelegate.swift */ = {isa = PBXFileReference; lastKnownFileType = sourcecode.swift; path = AppDelegate.swift; sourceTree = "<group>"; };
		96EBB40927D49734008F3AE4 /* SceneDelegate.swift */ = {isa = PBXFileReference; lastKnownFileType = sourcecode.swift; path = SceneDelegate.swift; sourceTree = "<group>"; };
		96EBB41027D49734008F3AE4 /* Assets.xcassets */ = {isa = PBXFileReference; lastKnownFileType = folder.assetcatalog; path = Assets.xcassets; sourceTree = "<group>"; };
		96EBB41327D49734008F3AE4 /* Base */ = {isa = PBXFileReference; lastKnownFileType = file.storyboard; name = Base; path = Base.lproj/LaunchScreen.storyboard; sourceTree = "<group>"; };
		96EBB41527D49734008F3AE4 /* Info.plist */ = {isa = PBXFileReference; lastKnownFileType = text.plist.xml; path = Info.plist; sourceTree = "<group>"; };
		96EBB41E27D497C0008F3AE4 /* TabBarController.swift */ = {isa = PBXFileReference; lastKnownFileType = sourcecode.swift; path = TabBarController.swift; sourceTree = "<group>"; };
		96EBB42127D49A10008F3AE4 /* FeedViewController.swift */ = {isa = PBXFileReference; lastKnownFileType = sourcecode.swift; path = FeedViewController.swift; sourceTree = "<group>"; };
		96EBB42327D49CA9008F3AE4 /* FeedTableViewCell.swift */ = {isa = PBXFileReference; lastKnownFileType = sourcecode.swift; path = FeedTableViewCell.swift; sourceTree = "<group>"; };
		96EBB42527D4A16D008F3AE4 /* UIButton+.swift */ = {isa = PBXFileReference; lastKnownFileType = sourcecode.swift; path = "UIButton+.swift"; sourceTree = "<group>"; };
/* End PBXFileReference section */

/* Begin PBXFrameworksBuildPhase section */
		96EBB40127D49734008F3AE4 /* Frameworks */ = {
			isa = PBXFrameworksBuildPhase;
			buildActionMask = 2147483647;
			files = (
				96BFC15B27D5B7E800C59F8E /* Kingfisher in Frameworks */,
				96EBB41D27D49757008F3AE4 /* SnapKit in Frameworks */,
			);
			runOnlyForDeploymentPostprocessing = 0;
		};
/* End PBXFrameworksBuildPhase section */

/* Begin PBXGroup section */
		9653EE5127D4D47900D123CC /* Feed */ = {
			isa = PBXGroup;
			children = (
				96EBB42127D49A10008F3AE4 /* FeedViewController.swift */,
				96EBB42327D49CA9008F3AE4 /* FeedTableViewCell.swift */,
				96BFC15C27D5CE7E00C59F8E /* UploadViewController.swift */,
			);
			path = Feed;
			sourceTree = "<group>";
		};
		9653EE5427D4D48D00D123CC /* Profile */ = {
			isa = PBXGroup;
			children = (
				9653EE5227D4D48A00D123CC /* ProfileViewController.swift */,
				96BFC15727D5B39A00C59F8E /* ProfileCollectionViewCell.swift */,
				9653EE5527D4DB8800D123CC /* ProfileDataView.swift */,
			);
			path = Profile;
			sourceTree = "<group>";
		};
		96EBB3FB27D49733008F3AE4 = {
			isa = PBXGroup;
			children = (
				96EBB40627D49734008F3AE4 /* OutstagramApp */,
				96EBB40527D49734008F3AE4 /* Products */,
			);
			sourceTree = "<group>";
		};
		96EBB40527D49734008F3AE4 /* Products */ = {
			isa = PBXGroup;
			children = (
				96EBB40427D49734008F3AE4 /* OutstagramApp.app */,
			);
			name = Products;
			sourceTree = "<group>";
		};
		96EBB40627D49734008F3AE4 /* OutstagramApp */ = {
			isa = PBXGroup;
			children = (
				96EBB40727D49734008F3AE4 /* AppDelegate.swift */,
				96EBB40927D49734008F3AE4 /* SceneDelegate.swift */,
				96EBB42527D4A16D008F3AE4 /* UIButton+.swift */,
				96EBB42027D49A06008F3AE4 /* Scenes */,
				96EBB41027D49734008F3AE4 /* Assets.xcassets */,
				96EBB41227D49734008F3AE4 /* LaunchScreen.storyboard */,
				96EBB41527D49734008F3AE4 /* Info.plist */,
			);
			path = OutstagramApp;
			sourceTree = "<group>";
		};
		96EBB42027D49A06008F3AE4 /* Scenes */ = {
			isa = PBXGroup;
			children = (
				96EBB41E27D497C0008F3AE4 /* TabBarController.swift */,
				9653EE5127D4D47900D123CC /* Feed */,
				9653EE5427D4D48D00D123CC /* Profile */,
			);
			path = Scenes;
			sourceTree = "<group>";
		};
/* End PBXGroup section */

/* Begin PBXNativeTarget section */
		96EBB40327D49734008F3AE4 /* OutstagramApp */ = {
			isa = PBXNativeTarget;
			buildConfigurationList = 96EBB41827D49734008F3AE4 /* Build configuration list for PBXNativeTarget "OutstagramApp" */;
			buildPhases = (
				96EBB40027D49734008F3AE4 /* Sources */,
				96EBB40127D49734008F3AE4 /* Frameworks */,
				96EBB40227D49734008F3AE4 /* Resources */,
			);
			buildRules = (
			);
			dependencies = (
			);
			name = OutstagramApp;
			packageProductDependencies = (
				96EBB41C27D49757008F3AE4 /* SnapKit */,
				96BFC15A27D5B7E800C59F8E /* Kingfisher */,
			);
			productName = OutstagramApp;
			productReference = 96EBB40427D49734008F3AE4 /* OutstagramApp.app */;
			productType = "com.apple.product-type.application";
		};
/* End PBXNativeTarget section */

/* Begin PBXProject section */
		96EBB3FC27D49733008F3AE4 /* Project object */ = {
			isa = PBXProject;
			attributes = {
				BuildIndependentTargetsInParallel = 1;
				LastSwiftUpdateCheck = 1320;
				LastUpgradeCheck = 1320;
				TargetAttributes = {
					96EBB40327D49734008F3AE4 = {
						CreatedOnToolsVersion = 13.2;
					};
				};
			};
			buildConfigurationList = 96EBB3FF27D49733008F3AE4 /* Build configuration list for PBXProject "OutstagramApp" */;
			compatibilityVersion = "Xcode 13.0";
			developmentRegion = en;
			hasScannedForEncodings = 0;
			knownRegions = (
				en,
				Base,
			);
			mainGroup = 96EBB3FB27D49733008F3AE4;
			packageReferences = (
				96EBB41B27D49757008F3AE4 /* XCRemoteSwiftPackageReference "SnapKit" */,
				96BFC15927D5B7E800C59F8E /* XCRemoteSwiftPackageReference "Kingfisher" */,
			);
			productRefGroup = 96EBB40527D49734008F3AE4 /* Products */;
			projectDirPath = "";
			projectRoot = "";
			targets = (
				96EBB40327D49734008F3AE4 /* OutstagramApp */,
			);
		};
/* End PBXProject section */

/* Begin PBXResourcesBuildPhase section */
		96EBB40227D49734008F3AE4 /* Resources */ = {
			isa = PBXResourcesBuildPhase;
			buildActionMask = 2147483647;
			files = (
				96EBB41427D49734008F3AE4 /* LaunchScreen.storyboard in Resources */,
				96EBB41127D49734008F3AE4 /* Assets.xcassets in Resources */,
			);
			runOnlyForDeploymentPostprocessing = 0;
		};
/* End PBXResourcesBuildPhase section */

/* Begin PBXSourcesBuildPhase section */
		96EBB40027D49734008F3AE4 /* Sources */ = {
			isa = PBXSourcesBuildPhase;
			buildActionMask = 2147483647;
			files = (
				96EBB41F27D497C0008F3AE4 /* TabBarController.swift in Sources */,
				96BFC15D27D5CE7E00C59F8E /* UploadViewController.swift in Sources */,
				96BFC15827D5B39A00C59F8E /* ProfileCollectionViewCell.swift in Sources */,
				96EBB42627D4A16D008F3AE4 /* UIButton+.swift in Sources */,
				96EBB40827D49734008F3AE4 /* AppDelegate.swift in Sources */,
				96EBB42227D49A10008F3AE4 /* FeedViewController.swift in Sources */,
				9653EE5327D4D48A00D123CC /* ProfileViewController.swift in Sources */,
				96EBB40A27D49734008F3AE4 /* SceneDelegate.swift in Sources */,
				9653EE5627D4DB8800D123CC /* ProfileDataView.swift in Sources */,
				96EBB42427D49CA9008F3AE4 /* FeedTableViewCell.swift in Sources */,
			);
			runOnlyForDeploymentPostprocessing = 0;
		};
/* End PBXSourcesBuildPhase section */

/* Begin PBXVariantGroup section */
		96EBB41227D49734008F3AE4 /* LaunchScreen.storyboard */ = {
			isa = PBXVariantGroup;
			children = (
				96EBB41327D49734008F3AE4 /* Base */,
			);
			name = LaunchScreen.storyboard;
			sourceTree = "<group>";
		};
/* End PBXVariantGroup section */

/* Begin XCBuildConfiguration section */
		96EBB41627D49734008F3AE4 /* Debug */ = {
			isa = XCBuildConfiguration;
			buildSettings = {
				ALWAYS_SEARCH_USER_PATHS = NO;
				CLANG_ANALYZER_NONNULL = YES;
				CLANG_ANALYZER_NUMBER_OBJECT_CONVERSION = YES_AGGRESSIVE;
				CLANG_CXX_LANGUAGE_STANDARD = "gnu++17";
				CLANG_CXX_LIBRARY = "libc++";
				CLANG_ENABLE_MODULES = YES;
				CLANG_ENABLE_OBJC_ARC = YES;
				CLANG_ENABLE_OBJC_WEAK = YES;
				CLANG_WARN_BLOCK_CAPTURE_AUTORELEASING = YES;
				CLANG_WARN_BOOL_CONVERSION = YES;
				CLANG_WARN_COMMA = YES;
				CLANG_WARN_CONSTANT_CONVERSION = YES;
				CLANG_WARN_DEPRECATED_OBJC_IMPLEMENTATIONS = YES;
				CLANG_WARN_DIRECT_OBJC_ISA_USAGE = YES_ERROR;
				CLANG_WARN_DOCUMENTATION_COMMENTS = YES;
				CLANG_WARN_EMPTY_BODY = YES;
				CLANG_WARN_ENUM_CONVERSION = YES;
				CLANG_WARN_INFINITE_RECURSION = YES;
				CLANG_WARN_INT_CONVERSION = YES;
				CLANG_WARN_NON_LITERAL_NULL_CONVERSION = YES;
				CLANG_WARN_OBJC_IMPLICIT_RETAIN_SELF = YES;
				CLANG_WARN_OBJC_LITERAL_CONVERSION = YES;
				CLANG_WARN_OBJC_ROOT_CLASS = YES_ERROR;
				CLANG_WARN_QUOTED_INCLUDE_IN_FRAMEWORK_HEADER = YES;
				CLANG_WARN_RANGE_LOOP_ANALYSIS = YES;
				CLANG_WARN_STRICT_PROTOTYPES = YES;
				CLANG_WARN_SUSPICIOUS_MOVE = YES;
				CLANG_WARN_UNGUARDED_AVAILABILITY = YES_AGGRESSIVE;
				CLANG_WARN_UNREACHABLE_CODE = YES;
				CLANG_WARN__DUPLICATE_METHOD_MATCH = YES;
				COPY_PHASE_STRIP = NO;
				DEBUG_INFORMATION_FORMAT = dwarf;
				ENABLE_STRICT_OBJC_MSGSEND = YES;
				ENABLE_TESTABILITY = YES;
				GCC_C_LANGUAGE_STANDARD = gnu11;
				GCC_DYNAMIC_NO_PIC = NO;
				GCC_NO_COMMON_BLOCKS = YES;
				GCC_OPTIMIZATION_LEVEL = 0;
				GCC_PREPROCESSOR_DEFINITIONS = (
					"DEBUG=1",
					"$(inherited)",
				);
				GCC_WARN_64_TO_32_BIT_CONVERSION = YES;
				GCC_WARN_ABOUT_RETURN_TYPE = YES_ERROR;
				GCC_WARN_UNDECLARED_SELECTOR = YES;
				GCC_WARN_UNINITIALIZED_AUTOS = YES_AGGRESSIVE;
				GCC_WARN_UNUSED_FUNCTION = YES;
				GCC_WARN_UNUSED_VARIABLE = YES;
				IPHONEOS_DEPLOYMENT_TARGET = 15.2;
				MTL_ENABLE_DEBUG_INFO = INCLUDE_SOURCE;
				MTL_FAST_MATH = YES;
				ONLY_ACTIVE_ARCH = YES;
				SDKROOT = iphoneos;
				SWIFT_ACTIVE_COMPILATION_CONDITIONS = DEBUG;
				SWIFT_OPTIMIZATION_LEVEL = "-Onone";
			};
			name = Debug;
		};
		96EBB41727D49734008F3AE4 /* Release */ = {
			isa = XCBuildConfiguration;
			buildSettings = {
				ALWAYS_SEARCH_USER_PATHS = NO;
				CLANG_ANALYZER_NONNULL = YES;
				CLANG_ANALYZER_NUMBER_OBJECT_CONVERSION = YES_AGGRESSIVE;
				CLANG_CXX_LANGUAGE_STANDARD = "gnu++17";
				CLANG_CXX_LIBRARY = "libc++";
				CLANG_ENABLE_MODULES = YES;
				CLANG_ENABLE_OBJC_ARC = YES;
				CLANG_ENABLE_OBJC_WEAK = YES;
				CLANG_WARN_BLOCK_CAPTURE_AUTORELEASING = YES;
				CLANG_WARN_BOOL_CONVERSION = YES;
				CLANG_WARN_COMMA = YES;
				CLANG_WARN_CONSTANT_CONVERSION = YES;
				CLANG_WARN_DEPRECATED_OBJC_IMPLEMENTATIONS = YES;
				CLANG_WARN_DIRECT_OBJC_ISA_USAGE = YES_ERROR;
				CLANG_WARN_DOCUMENTATION_COMMENTS = YES;
				CLANG_WARN_EMPTY_BODY = YES;
				CLANG_WARN_ENUM_CONVERSION = YES;
				CLANG_WARN_INFINITE_RECURSION = YES;
				CLANG_WARN_INT_CONVERSION = YES;
				CLANG_WARN_NON_LITERAL_NULL_CONVERSION = YES;
				CLANG_WARN_OBJC_IMPLICIT_RETAIN_SELF = YES;
				CLANG_WARN_OBJC_LITERAL_CONVERSION = YES;
				CLANG_WARN_OBJC_ROOT_CLASS = YES_ERROR;
				CLANG_WARN_QUOTED_INCLUDE_IN_FRAMEWORK_HEADER = YES;
				CLANG_WARN_RANGE_LOOP_ANALYSIS = YES;
				CLANG_WARN_STRICT_PROTOTYPES = YES;
				CLANG_WARN_SUSPICIOUS_MOVE = YES;
				CLANG_WARN_UNGUARDED_AVAILABILITY = YES_AGGRESSIVE;
				CLANG_WARN_UNREACHABLE_CODE = YES;
				CLANG_WARN__DUPLICATE_METHOD_MATCH = YES;
				COPY_PHASE_STRIP = NO;
				DEBUG_INFORMATION_FORMAT = "dwarf-with-dsym";
				ENABLE_NS_ASSERTIONS = NO;
				ENABLE_STRICT_OBJC_MSGSEND = YES;
				GCC_C_LANGUAGE_STANDARD = gnu11;
				GCC_NO_COMMON_BLOCKS = YES;
				GCC_WARN_64_TO_32_BIT_CONVERSION = YES;
				GCC_WARN_ABOUT_RETURN_TYPE = YES_ERROR;
				GCC_WARN_UNDECLARED_SELECTOR = YES;
				GCC_WARN_UNINITIALIZED_AUTOS = YES_AGGRESSIVE;
				GCC_WARN_UNUSED_FUNCTION = YES;
				GCC_WARN_UNUSED_VARIABLE = YES;
				IPHONEOS_DEPLOYMENT_TARGET = 15.2;
				MTL_ENABLE_DEBUG_INFO = NO;
				MTL_FAST_MATH = YES;
				SDKROOT = iphoneos;
				SWIFT_COMPILATION_MODE = wholemodule;
				SWIFT_OPTIMIZATION_LEVEL = "-O";
				VALIDATE_PRODUCT = YES;
			};
			name = Release;
		};
		96EBB41927D49734008F3AE4 /* Debug */ = {
			isa = XCBuildConfiguration;
			buildSettings = {
				ASSETCATALOG_COMPILER_APPICON_NAME = AppIcon;
				ASSETCATALOG_COMPILER_GLOBAL_ACCENT_COLOR_NAME = AccentColor;
				CODE_SIGN_STYLE = Automatic;
				CURRENT_PROJECT_VERSION = 1;
				DEVELOPMENT_TEAM = B2RV52W8G3;
				GENERATE_INFOPLIST_FILE = YES;
				INFOPLIST_FILE = OutstagramApp/Info.plist;
				INFOPLIST_KEY_UIApplicationSupportsIndirectInputEvents = YES;
				INFOPLIST_KEY_UILaunchStoryboardName = LaunchScreen;
				INFOPLIST_KEY_UISupportedInterfaceOrientations_iPad = "UIInterfaceOrientationPortrait UIInterfaceOrientationPortraitUpsideDown UIInterfaceOrientationLandscapeLeft UIInterfaceOrientationLandscapeRight";
				INFOPLIST_KEY_UISupportedInterfaceOrientations_iPhone = "UIInterfaceOrientationPortrait UIInterfaceOrientationLandscapeLeft UIInterfaceOrientationLandscapeRight";
				LD_RUNPATH_SEARCH_PATHS = (
					"$(inherited)",
					"@executable_path/Frameworks",
				);
				MARKETING_VERSION = 1.0;
				PRODUCT_BUNDLE_IDENTIFIER = com.swiftist.OutstagramApp;
				PRODUCT_NAME = "$(TARGET_NAME)";
				SWIFT_EMIT_LOC_STRINGS = YES;
				SWIFT_VERSION = 5.0;
				TARGETED_DEVICE_FAMILY = "1,2";
			};
			name = Debug;
		};
		96EBB41A27D49734008F3AE4 /* Release */ = {
			isa = XCBuildConfiguration;
			buildSettings = {
				ASSETCATALOG_COMPILER_APPICON_NAME = AppIcon;
				ASSETCATALOG_COMPILER_GLOBAL_ACCENT_COLOR_NAME = AccentColor;
				CODE_SIGN_STYLE = Automatic;
				CURRENT_PROJECT_VERSION = 1;
				DEVELOPMENT_TEAM = B2RV52W8G3;
				GENERATE_INFOPLIST_FILE = YES;
				INFOPLIST_FILE = OutstagramApp/Info.plist;
				INFOPLIST_KEY_UIApplicationSupportsIndirectInputEvents = YES;
				INFOPLIST_KEY_UILaunchStoryboardName = LaunchScreen;
				INFOPLIST_KEY_UISupportedInterfaceOrientations_iPad = "UIInterfaceOrientationPortrait UIInterfaceOrientationPortraitUpsideDown UIInterfaceOrientationLandscapeLeft UIInterfaceOrientationLandscapeRight";
				INFOPLIST_KEY_UISupportedInterfaceOrientations_iPhone = "UIInterfaceOrientationPortrait UIInterfaceOrientationLandscapeLeft UIInterfaceOrientationLandscapeRight";
				LD_RUNPATH_SEARCH_PATHS = (
					"$(inherited)",
					"@executable_path/Frameworks",
				);
				MARKETING_VERSION = 1.0;
				PRODUCT_BUNDLE_IDENTIFIER = com.swiftist.OutstagramApp;
				PRODUCT_NAME = "$(TARGET_NAME)";
				SWIFT_EMIT_LOC_STRINGS = YES;
				SWIFT_VERSION = 5.0;
				TARGETED_DEVICE_FAMILY = "1,2";
			};
			name = Release;
		};
/* End XCBuildConfiguration section */

/* Begin XCConfigurationList section */
		96EBB3FF27D49733008F3AE4 /* Build configuration list for PBXProject "OutstagramApp" */ = {
			isa = XCConfigurationList;
			buildConfigurations = (
				96EBB41627D49734008F3AE4 /* Debug */,
				96EBB41727D49734008F3AE4 /* Release */,
			);
			defaultConfigurationIsVisible = 0;
			defaultConfigurationName = Release;
		};
		96EBB41827D49734008F3AE4 /* Build configuration list for PBXNativeTarget "OutstagramApp" */ = {
			isa = XCConfigurationList;
			buildConfigurations = (
				96EBB41927D49734008F3AE4 /* Debug */,
				96EBB41A27D49734008F3AE4 /* Release */,
			);
			defaultConfigurationIsVisible = 0;
			defaultConfigurationName = Release;
		};
/* End XCConfigurationList section */

/* Begin XCRemoteSwiftPackageReference section */
		96BFC15927D5B7E800C59F8E /* XCRemoteSwiftPackageReference "Kingfisher" */ = {
			isa = XCRemoteSwiftPackageReference;
			repositoryURL = "https://github.com/onevcat/Kingfisher.git";
			requirement = {
				kind = upToNextMajorVersion;
				minimumVersion = 7.0.0;
			};
		};
		96EBB41B27D49757008F3AE4 /* XCRemoteSwiftPackageReference "SnapKit" */ = {
			isa = XCRemoteSwiftPackageReference;
			repositoryURL = "https://github.com/SnapKit/SnapKit.git";
			requirement = {
				kind = upToNextMajorVersion;
				minimumVersion = 5.0.0;
			};
		};
/* End XCRemoteSwiftPackageReference section */

/* Begin XCSwiftPackageProductDependency section */
		96BFC15A27D5B7E800C59F8E /* Kingfisher */ = {
			isa = XCSwiftPackageProductDependency;
			package = 96BFC15927D5B7E800C59F8E /* XCRemoteSwiftPackageReference "Kingfisher" */;
			productName = Kingfisher;
		};
		96EBB41C27D49757008F3AE4 /* SnapKit */ = {
			isa = XCSwiftPackageProductDependency;
			package = 96EBB41B27D49757008F3AE4 /* XCRemoteSwiftPackageReference "SnapKit" */;
			productName = SnapKit;
		};
/* End XCSwiftPackageProductDependency section */
	};
	rootObject = 96EBB3FC27D49733008F3AE4 /* Project object */;
}
